<?xml version="1.0" encoding="utf-8"?>
<Project ToolsVersion="4.0" xmlns="http://schemas.microsoft.com/developer/msbuild/2003">
  <ItemGroup>
    <Filter Include="Source Files">
      <UniqueIdentifier>{4FC737F1-C7A5-4376-A066-2A32D752A2FF}</UniqueIdentifier>
      <Extensions>cpp;c;cc;cxx;def;odl;idl;hpj;bat;asm;asmx</Extensions>
    </Filter>
    <Filter Include="Header Files">
      <UniqueIdentifier>{93995380-89BD-4b04-88EB-625FBE52EBFB}</UniqueIdentifier>
      <Extensions>h;hh;hpp;hxx;hm;inl;inc;ipp;xsd</Extensions>
    </Filter>
    <Filter Include="Resource Files">
      <UniqueIdentifier>{67DA6AB6-F800-4c08-8B7A-83BB121AAD01}</UniqueIdentifier>
      <Extensions>rc;ico;cur;bmp;dlg;rc2;rct;bin;rgs;gif;jpg;jpeg;jpe;resx;tiff;tif;png;wav;mfcribbon-ms</Extensions>
    </Filter>
  </ItemGroup>
  <ItemGroup>
    <ClCompile Include="demo\main.cpp">
      <Filter>Source Files</Filter>
    </ClCompile>
    <ClCompile Include="adamantine\Stats.cpp">
      <Filter>Source Files</Filter>
    </ClCompile>
    <ClCompile Include="adamantine\Window.cpp">
      <Filter>Source Files</Filter>
    </ClCompile>
    <ClCompile Include="adamantine\opengl\OpenGLVideoController.cpp">
      <Filter>Source Files</Filter>
    </ClCompile>
    <ClCompile Include="adamantine\opengl\ShaderLoader.cpp">
      <Filter>Source Files</Filter>
    </ClCompile>
    <ClCompile Include="adamantine\opengl\ShaderProgram.cpp">
      <Filter>Source Files</Filter>
    </ClCompile>
    <ClCompile Include="adamantine\subsystem\AbstractScene.cpp">
      <Filter>Source Files</Filter>
    </ClCompile>
    <ClCompile Include="adamantine\subsystem\AbstractVideoController.cpp">
      <Filter>Source Files</Filter>
    </ClCompile>
    <ClCompile Include="adamantine\subsystem\Entities.cpp">
      <Filter>Source Files</Filter>
    </ClCompile>
    <ClCompile Include="adamantine\subsystem\FileLoader.cpp">
      <Filter>Source Files</Filter>
    </ClCompile>
    <ClCompile Include="adamantine\subsystem\Geometry.cpp">
      <Filter>Source Files</Filter>
    </ClCompile>
    <ClCompile Include="adamantine\subsystem\InputSystem.cpp">
      <Filter>Source Files</Filter>
    </ClCompile>
    <ClCompile Include="adamantine\subsystem\Math.cpp">
      <Filter>Source Files</Filter>
    </ClCompile>
    <ClCompile Include="demo\DefaultScene.cpp">
      <Filter>Source Files</Filter>
    </ClCompile>
    <ClCompile Include="adamantine\opengl\OpenGLPipeline.cpp">
      <Filter>Source Files</Filter>
    </ClCompile>
    <ClCompile Include="adamantine\subsystem\Stage.cpp">
      <Filter>Source Files</Filter>
    </ClCompile>
    <ClCompile Include="adamantine\subsystem\RNG.cpp">
      <Filter>Source Files</Filter>
    </ClCompile>
    <ClCompile Include="adamantine\subsystem\AbstractLoader.cpp">
      <Filter>Source Files</Filter>
    </ClCompile>
    <ClCompile Include="adamantine\subsystem\ObjLoader.cpp">
      <Filter>Source Files</Filter>
    </ClCompile>
  </ItemGroup>
  <ItemGroup>
    <ClInclude Include="subsystem\FileLoader.h">
      <Filter>Header Files</Filter>
    </ClInclude>
    <ClInclude Include="subsystem\Entities.h">
      <Filter>Header Files</Filter>
    </ClInclude>
    <ClInclude Include="subsystem\Geometry.h">
      <Filter>Header Files</Filter>
    </ClInclude>
    <ClInclude Include="subsystem\Math.h">
      <Filter>Header Files</Filter>
    </ClInclude>
    <ClInclude Include="opengl\OpenGLScene.h">
      <Filter>Header Files</Filter>
    </ClInclude>
    <ClInclude Include="opengl\OpenGLVideoController.h">
      <Filter>Header Files</Filter>
    </ClInclude>
    <ClInclude Include="opengl\ShaderLoader.h">
      <Filter>Header Files</Filter>
    </ClInclude>
    <ClInclude Include="opengl\ShaderProgram.h">
      <Filter>Header Files</Filter>
    </ClInclude>
    <ClInclude Include="opengl\VertexPipeline.h">
      <Filter>Header Files</Filter>
    </ClInclude>
    <ClInclude Include="subsystem\InputSystem.h">
      <Filter>Header Files</Filter>
    </ClInclude>
    <ClInclude Include="subsystem\AbstractVideoController.h">
      <Filter>Header Files</Filter>
    </ClInclude>
    <ClInclude Include="subsystem\AbstractScene.h">
      <Filter>Header Files</Filter>
    </ClInclude>
    <ClInclude Include="subsystem\EntityContainer.h">
      <Filter>Header Files</Filter>
    </ClInclude>
    <ClInclude Include="adamantine\Stats.h">
      <Filter>Header Files</Filter>
    </ClInclude>
    <ClInclude Include="adamantine\Window.h">
      <Filter>Header Files</Filter>
    </ClInclude>
    <ClInclude Include="adamantine\opengl\OpenGLVideoController.h">
      <Filter>Header Files</Filter>
    </ClInclude>
    <ClInclude Include="adamantine\opengl\ShaderLoader.h">
      <Filter>Header Files</Filter>
    </ClInclude>
    <ClInclude Include="adamantine\opengl\ShaderProgram.h">
      <Filter>Header Files</Filter>
    </ClInclude>
    <ClInclude Include="adamantine\subsystem\AbstractScene.h">
      <Filter>Header Files</Filter>
    </ClInclude>
    <ClInclude Include="adamantine\subsystem\AbstractVideoController.h">
      <Filter>Header Files</Filter>
    </ClInclude>
    <ClInclude Include="adamantine\subsystem\Entities.h">
      <Filter>Header Files</Filter>
    </ClInclude>
    <ClInclude Include="adamantine\subsystem\FileLoader.h">
      <Filter>Header Files</Filter>
    </ClInclude>
    <ClInclude Include="adamantine\subsystem\Geometry.h">
      <Filter>Header Files</Filter>
    </ClInclude>
    <ClInclude Include="adamantine\subsystem\InputSystem.h">
      <Filter>Header Files</Filter>
    </ClInclude>
    <ClInclude Include="adamantine\subsystem\Math.h">
      <Filter>Header Files</Filter>
    </ClInclude>
    <ClInclude Include="demo\DefaultScene.h">
      <Filter>Header Files</Filter>
    </ClInclude>
    <ClInclude Include="adamantine\opengl\OpenGLPipeline.h">
      <Filter>Header Files</Filter>
    </ClInclude>
    <ClInclude Include="adamantine\subsystem\Stage.h">
      <Filter>Header Files</Filter>
    </ClInclude>
    <ClInclude Include="adamantine\subsystem\RNG.h">
      <Filter>Header Files</Filter>
    </ClInclude>
    <ClInclude Include="adamantine\subsystem\AbstractLoader.h">
      <Filter>Header Files</Filter>
    </ClInclude>
    <ClInclude Include="adamantine\subsystem\ObjLoader.h">
      <Filter>Header Files</Filter>
    </ClInclude>
  </ItemGroup>
</Project>